
Microsoft Visual Studio Solution File, Format Version 12.00
# Visual Studio Version 17
VisualStudioVersion = 17.1.32421.90
MinimumVisualStudioVersion = 10.0.40219.1
Project("{8BC9CEB8-8B4A-11D0-8D11-00A0C91BC942}") = "two_sum", "two_sum\two_sum.vcxproj", "{4DE1745A-BD50-4E68-835F-B4CFF5E8B926}"
EndProject
Project("{8BC9CEB8-8B4A-11D0-8D11-00A0C91BC942}") = "happy_number", "happy_number\happy_number.vcxproj", "{D4CD5A68-6B35-4D2F-A9D3-88FED1EBD1B7}"
EndProject
Project("{8BC9CEB8-8B4A-11D0-8D11-00A0C91BC942}") = "STL_learn", "STL_learn\STL_learn.vcxproj", "{846B6A2B-87E2-45B1-B8B7-3DFA98ED786E}"
EndProject
Project("{8BC9CEB8-8B4A-11D0-8D11-00A0C91BC942}") = "linked_list", "linked_list\linked_list.vcxproj", "{F83BDDB4-A1A4-4A9B-B851-931D3654617E}"
EndProject
Project("{8BC9CEB8-8B4A-11D0-8D11-00A0C91BC942}") = "bubble_sort", "bubble_sort\bubble_sort.vcxproj", "{1154462E-C893-4275-B4BC-DFB7543534D8}"
EndProject
Project("{8BC9CEB8-8B4A-11D0-8D11-00A0C91BC942}") = "linked_list_stack", "linked_list_stack\linked_list_stack.vcxproj", "{73D618F5-03E9-4CD9-B6F4-ACE1DC5114FD}"
EndProject
Project("{8BC9CEB8-8B4A-11D0-8D11-00A0C91BC942}") = "vector_allocation", "vector_allocation\vector_allocation.vcxproj", "{F11451FA-BE48-4CC7-87EA-77B290B5954D}"
EndProject
Project("{8BC9CEB8-8B4A-11D0-8D11-00A0C91BC942}") = "insertion_sort", "insertion_sort\insertion_sort.vcxproj", "{259DE3A3-692B-49A4-8001-4FEA83684A98}"
EndProject
Global
	GlobalSection(SolutionConfigurationPlatforms) = preSolution
		Debug|x64 = Debug|x64
		Debug|x86 = Debug|x86
		Release|x64 = Release|x64
		Release|x86 = Release|x86
	EndGlobalSection
	GlobalSection(ProjectConfigurationPlatforms) = postSolution
		{4DE1745A-BD50-4E68-835F-B4CFF5E8B926}.Debug|x64.ActiveCfg = Debug|x64
		{4DE1745A-BD50-4E68-835F-B4CFF5E8B926}.Debug|x64.Build.0 = Debug|x64
		{4DE1745A-BD50-4E68-835F-B4CFF5E8B926}.Debug|x86.ActiveCfg = Debug|Win32
		{4DE1745A-BD50-4E68-835F-B4CFF5E8B926}.Debug|x86.Build.0 = Debug|Win32
		{4DE1745A-BD50-4E68-835F-B4CFF5E8B926}.Release|x64.ActiveCfg = Release|x64
		{4DE1745A-BD50-4E68-835F-B4CFF5E8B926}.Release|x64.Build.0 = Release|x64
		{4DE1745A-BD50-4E68-835F-B4CFF5E8B926}.Release|x86.ActiveCfg = Release|Win32
		{4DE1745A-BD50-4E68-835F-B4CFF5E8B926}.Release|x86.Build.0 = Release|Win32
		{D4CD5A68-6B35-4D2F-A9D3-88FED1EBD1B7}.Debug|x64.ActiveCfg = Debug|x64
		{D4CD5A68-6B35-4D2F-A9D3-88FED1EBD1B7}.Debug|x64.Build.0 = Debug|x64
		{D4CD5A68-6B35-4D2F-A9D3-88FED1EBD1B7}.Debug|x86.ActiveCfg = Debug|Win32
		{D4CD5A68-6B35-4D2F-A9D3-88FED1EBD1B7}.Debug|x86.Build.0 = Debug|Win32
		{D4CD5A68-6B35-4D2F-A9D3-88FED1EBD1B7}.Release|x64.ActiveCfg = Release|x64
		{D4CD5A68-6B35-4D2F-A9D3-88FED1EBD1B7}.Release|x64.Build.0 = Release|x64
		{D4CD5A68-6B35-4D2F-A9D3-88FED1EBD1B7}.Release|x86.ActiveCfg = Release|Win32
		{D4CD5A68-6B35-4D2F-A9D3-88FED1EBD1B7}.Release|x86.Build.0 = Release|Win32
		{846B6A2B-87E2-45B1-B8B7-3DFA98ED786E}.Debug|x64.ActiveCfg = Debug|x64
		{846B6A2B-87E2-45B1-B8B7-3DFA98ED786E}.Debug|x64.Build.0 = Debug|x64
		{846B6A2B-87E2-45B1-B8B7-3DFA98ED786E}.Debug|x86.ActiveCfg = Debug|Win32
		{846B6A2B-87E2-45B1-B8B7-3DFA98ED786E}.Debug|x86.Build.0 = Debug|Win32
		{846B6A2B-87E2-45B1-B8B7-3DFA98ED786E}.Release|x64.ActiveCfg = Release|x64
		{846B6A2B-87E2-45B1-B8B7-3DFA98ED786E}.Release|x64.Build.0 = Release|x64
		{846B6A2B-87E2-45B1-B8B7-3DFA98ED786E}.Release|x86.ActiveCfg = Release|Win32
		{846B6A2B-87E2-45B1-B8B7-3DFA98ED786E}.Release|x86.Build.0 = Release|Win32
		{F83BDDB4-A1A4-4A9B-B851-931D3654617E}.Debug|x64.ActiveCfg = Debug|x64
		{F83BDDB4-A1A4-4A9B-B851-931D3654617E}.Debug|x64.Build.0 = Debug|x64
		{F83BDDB4-A1A4-4A9B-B851-931D3654617E}.Debug|x86.ActiveCfg = Debug|Win32
		{F83BDDB4-A1A4-4A9B-B851-931D3654617E}.Debug|x86.Build.0 = Debug|Win32
		{F83BDDB4-A1A4-4A9B-B851-931D3654617E}.Release|x64.ActiveCfg = Release|x64
		{F83BDDB4-A1A4-4A9B-B851-931D3654617E}.Release|x64.Build.0 = Release|x64
		{F83BDDB4-A1A4-4A9B-B851-931D3654617E}.Release|x86.ActiveCfg = Release|Win32
		{F83BDDB4-A1A4-4A9B-B851-931D3654617E}.Release|x86.Build.0 = Release|Win32
		{1154462E-C893-4275-B4BC-DFB7543534D8}.Debug|x64.ActiveCfg = Debug|x64
		{1154462E-C893-4275-B4BC-DFB7543534D8}.Debug|x64.Build.0 = Debug|x64
		{1154462E-C893-4275-B4BC-DFB7543534D8}.Debug|x86.ActiveCfg = Debug|Win32
		{1154462E-C893-4275-B4BC-DFB7543534D8}.Debug|x86.Build.0 = Debug|Win32
		{1154462E-C893-4275-B4BC-DFB7543534D8}.Release|x64.ActiveCfg = Release|x64
		{1154462E-C893-4275-B4BC-DFB7543534D8}.Release|x64.Build.0 = Release|x64
		{1154462E-C893-4275-B4BC-DFB7543534D8}.Release|x86.ActiveCfg = Release|Win32
		{1154462E-C893-4275-B4BC-DFB7543534D8}.Release|x86.Build.0 = Release|Win32
		{73D618F5-03E9-4CD9-B6F4-ACE1DC5114FD}.Debug|x64.ActiveCfg = Debug|x64
		{73D618F5-03E9-4CD9-B6F4-ACE1DC5114FD}.Debug|x64.Build.0 = Debug|x64
		{73D618F5-03E9-4CD9-B6F4-ACE1DC5114FD}.Debug|x86.ActiveCfg = Debug|Win32
		{73D618F5-03E9-4CD9-B6F4-ACE1DC5114FD}.Debug|x86.Build.0 = Debug|Win32
		{73D618F5-03E9-4CD9-B6F4-ACE1DC5114FD}.Release|x64.ActiveCfg = Release|x64
		{73D618F5-03E9-4CD9-B6F4-ACE1DC5114FD}.Release|x64.Build.0 = Release|x64
		{73D618F5-03E9-4CD9-B6F4-ACE1DC5114FD}.Release|x86.ActiveCfg = Release|Win32
		{73D618F5-03E9-4CD9-B6F4-ACE1DC5114FD}.Release|x86.Build.0 = Release|Win32
		{F11451FA-BE48-4CC7-87EA-77B290B5954D}.Debug|x64.ActiveCfg = Debug|x64
		{F11451FA-BE48-4CC7-87EA-77B290B5954D}.Debug|x64.Build.0 = Debug|x64
		{F11451FA-BE48-4CC7-87EA-77B290B5954D}.Debug|x86.ActiveCfg = Debug|Win32
		{F11451FA-BE48-4CC7-87EA-77B290B5954D}.Debug|x86.Build.0 = Debug|Win32
		{F11451FA-BE48-4CC7-87EA-77B290B5954D}.Release|x64.ActiveCfg = Release|x64
		{F11451FA-BE48-4CC7-87EA-77B290B5954D}.Release|x64.Build.0 = Release|x64
		{F11451FA-BE48-4CC7-87EA-77B290B5954D}.Release|x86.ActiveCfg = Release|Win32
		{F11451FA-BE48-4CC7-87EA-77B290B5954D}.Release|x86.Build.0 = Release|Win32
		{259DE3A3-692B-49A4-8001-4FEA83684A98}.Debug|x64.ActiveCfg = Debug|x64
		{259DE3A3-692B-49A4-8001-4FEA83684A98}.Debug|x64.Build.0 = Debug|x64
		{259DE3A3-692B-49A4-8001-4FEA83684A98}.Debug|x86.ActiveCfg = Debug|Win32
		{259DE3A3-692B-49A4-8001-4FEA83684A98}.Debug|x86.Build.0 = Debug|Win32
		{259DE3A3-692B-49A4-8001-4FEA83684A98}.Release|x64.ActiveCfg = Release|x64
		{259DE3A3-692B-49A4-8001-4FEA83684A98}.Release|x64.Build.0 = Release|x64
		{259DE3A3-692B-49A4-8001-4FEA83684A98}.Release|x86.ActiveCfg = Release|Win32
		{259DE3A3-692B-49A4-8001-4FEA83684A98}.Release|x86.Build.0 = Release|Win32
	EndGlobalSection
	GlobalSection(SolutionProperties) = preSolution
		HideSolutionNode = FALSE
	EndGlobalSection
	GlobalSection(ExtensibilityGlobals) = postSolution
		SolutionGuid = {672197F7-B8E7-4AD0-8D01-228730C6A57B}
	EndGlobalSection
EndGlobal
